
Microsoft Visual Studio Solution File, Format Version 12.00
# Visual Studio Version 18
VisualStudioVersion = 18.4.11605.240 stable
MinimumVisualStudioVersion = 10.0.40219.1
Project("{FAE04EC0-301F-11D3-BF4B-00C04F79EFBC}") = "ATM", "ATM.csproj", "{B2D812AE-A109-4525-AC0D-C8F15D9B3519}"
EndProject
Project("{FAE04EC0-301F-11D3-BF4B-00C04F79EFBC}") = "AtmTest", "..\TestAtm\AtmTest.csproj", "{04823916-1B97-438C-A6EB-A3904013A78B}"
EndProject
Global
	GlobalSection(SolutionConfigurationPlatforms) = preSolution
		Debug|Any CPU = Debug|Any CPU
		Release|Any CPU = Release|Any CPU
	EndGlobalSection
	GlobalSection(ProjectConfigurationPlatforms) = postSolution
		{B2D812AE-A109-4525-AC0D-C8F15D9B3519}.Debug|Any CPU.ActiveCfg = Debug|Any CPU
		{B2D812AE-A109-4525-AC0D-C8F15D9B3519}.Debug|Any CPU.Build.0 = Debug|Any CPU
		{B2D812AE-A109-4525-AC0D-C8F15D9B3519}.Release|Any CPU.ActiveCfg = Release|Any CPU
		{B2D812AE-A109-4525-AC0D-C8F15D9B3519}.Release|Any CPU.Build.0 = Release|Any CPU
		{04823916-1B97-438C-A6EB-A3904013A78B}.Debug|Any CPU.ActiveCfg = Debug|Any CPU
		{04823916-1B97-438C-A6EB-A3904013A78B}.Debug|Any CPU.Build.0 = Debug|Any CPU
		{04823916-1B97-438C-A6EB-A3904013A78B}.Release|Any CPU.ActiveCfg = Release|Any CPU
		{04823916-1B97-438C-A6EB-A3904013A78B}.Release|Any CPU.Build.0 = Release|Any CPU
	EndGlobalSection
	GlobalSection(SolutionProperties) = preSolution
		HideSolutionNode = FALSE
	EndGlobalSection
	GlobalSection(ExtensibilityGlobals) = postSolution
		SolutionGuid = {B6B732C1-E388-4484-AA03-60B6EA248AA1}
	EndGlobalSection
EndGlobal
